
Microsoft Visual Studio Solution File, Format Version 12.00
# Visual Studio 15
VisualStudioVersion = 15.0.28307.1022
MinimumVisualStudioVersion = 10.0.40219.1
Project("{FAE04EC0-301F-11D3-BF4B-00C04F79EFBC}") = "dockertraining_samuel_sanchez_lopez", "dockertraining_samuel_sanchez_lopez\dockertraining_samuel_sanchez_lopez.csproj", "{35E67218-2BB1-4D67-9F16-D59B7BD642DB}"
EndProject
Global
	GlobalSection(SolutionConfigurationPlatforms) = preSolution
		Debug|Any CPU = Debug|Any CPU
		Release|Any CPU = Release|Any CPU
	EndGlobalSection
	GlobalSection(ProjectConfigurationPlatforms) = postSolution
		{35E67218-2BB1-4D67-9F16-D59B7BD642DB}.Debug|Any CPU.ActiveCfg = Debug|Any CPU
		{35E67218-2BB1-4D67-9F16-D59B7BD642DB}.Debug|Any CPU.Build.0 = Debug|Any CPU
		{35E67218-2BB1-4D67-9F16-D59B7BD642DB}.Release|Any CPU.ActiveCfg = Release|Any CPU
		{35E67218-2BB1-4D67-9F16-D59B7BD642DB}.Release|Any CPU.Build.0 = Release|Any CPU
	EndGlobalSection
	GlobalSection(SolutionProperties) = preSolution
		HideSolutionNode = FALSE
	EndGlobalSection
	GlobalSection(ExtensibilityGlobals) = postSolution
		SolutionGuid = {AB3FFC71-FCDF-47FA-A4F8-A848704997E7}
	EndGlobalSection
EndGlobal
