
Microsoft Visual Studio Solution File, Format Version 12.00
# Visual Studio 15
VisualStudioVersion = 15.0.28307.1022
MinimumVisualStudioVersion = 10.0.40219.1
Project("{FAE04EC0-301F-11D3-BF4B-00C04F79EFBC}") = "WebApiDocker", "WebApiDocker\WebApiDocker.csproj", "{BE0C216B-377A-4EC6-87DA-03E7D0FF58EC}"
EndProject
Global
	GlobalSection(SolutionConfigurationPlatforms) = preSolution
		Debug|Any CPU = Debug|Any CPU
		Release|Any CPU = Release|Any CPU
	EndGlobalSection
	GlobalSection(ProjectConfigurationPlatforms) = postSolution
		{BE0C216B-377A-4EC6-87DA-03E7D0FF58EC}.Debug|Any CPU.ActiveCfg = Debug|Any CPU
		{BE0C216B-377A-4EC6-87DA-03E7D0FF58EC}.Debug|Any CPU.Build.0 = Debug|Any CPU
		{BE0C216B-377A-4EC6-87DA-03E7D0FF58EC}.Release|Any CPU.ActiveCfg = Release|Any CPU
		{BE0C216B-377A-4EC6-87DA-03E7D0FF58EC}.Release|Any CPU.Build.0 = Release|Any CPU
	EndGlobalSection
	GlobalSection(SolutionProperties) = preSolution
		HideSolutionNode = FALSE
	EndGlobalSection
	GlobalSection(ExtensibilityGlobals) = postSolution
		SolutionGuid = {61116822-0E62-4D1C-B21A-F05315443100}
	EndGlobalSection
EndGlobal
